{"filter":false,"title":"Gemfile.lock","tooltip":"/Gemfile.lock","undoManager":{"mark":-1,"position":-1,"stack":[]},"ace":{"folds":[],"scrolltop":240,"scrollleft":0,"selection":{"start":{"row":22,"column":6},"end":{"row":22,"column":6},"isBackwards":false},"options":{"guessTabSize":true,"useWrapMode":false,"wrapToView":true},"firstLineState":{"row":14,"state":"start","mode":"ace/mode/text"}},"timestamp":1419310754955,"hash":"fc8dbd3c2b98078ca0d0b2ed7a56670e32a9efc9"}